// !$*UTF8*$!
{
	archiveVersion = 1;
	classes = {
	};
	objectVersion = 46;
	objects = {

/* Begin PBXBuildFile section */
		FCA150CD92CB984652EB753E /* Assets.xcassets in Resources */ = {isa = PBXBuildFile; fileRef = FCA15946FF6120247FF8F7FD /* Assets.xcassets */; };
		FCA152A4E80B0A8CAF6D6128 /* AppDelegate.swift in Sources */ = {isa = PBXBuildFile; fileRef = FCA152DACB540F69AF2C479B /* AppDelegate.swift */; };
		FCA15312A0BAFA8941225FA7 /* Main.storyboard in Resources */ = {isa = PBXBuildFile; fileRef = FCA15761707FF83F931F7FDC /* Main.storyboard */; };
		FCA15460C855C40FA3BE8457 /* LaunchScreen.storyboard in Resources */ = {isa = PBXBuildFile; fileRef = FCA15FAB72F43F846BE5BADE /* LaunchScreen.storyboard */; };
		FCA158FF54648123C4CE2C14 /* ViewController.swift in Sources */ = {isa = PBXBuildFile; fileRef = FCA15A5F734AF43D4C8319F5 /* ViewController.swift */; };
/* End PBXBuildFile section */

/* Begin PBXFileReference section */
		FCA152DACB540F69AF2C479B /* AppDelegate.swift */ = {isa = PBXFileReference; lastKnownFileType = sourcecode.swift; path = AppDelegate.swift; sourceTree = "<group>"; };
		FCA155308C15DAC53D7C65FE /* Base */ = {isa = PBXFileReference; lastKnownFileType = file.storyboard; name = Base; path = Base.lproj/LaunchScreen.storyboard; sourceTree = "<group>"; };
		FCA15946FF6120247FF8F7FD /* Assets.xcassets */ = {isa = PBXFileReference; lastKnownFileType = folder.assetcatalog; path = Assets.xcassets; sourceTree = "<group>"; };
		FCA159CF02B5BB68F66C46AA /* Info.plist */ = {isa = PBXFileReference; lastKnownFileType = text.plist.info; path = Info.plist; sourceTree = "<group>"; };
		FCA15A1BCD9C61D6502D60B2 /* WelcomeView_Leon.app */ = {isa = PBXFileReference; explicitFileType = wrapper.application; includeInIndex = 0; path = WelcomeView_Leon.app; sourceTree = BUILT_PRODUCTS_DIR; };
		FCA15A5F734AF43D4C8319F5 /* ViewController.swift */ = {isa = PBXFileReference; lastKnownFileType = sourcecode.swift; path = ViewController.swift; sourceTree = "<group>"; };
		FCA15DFD84BB3F705F1B0B30 /* Base */ = {isa = PBXFileReference; lastKnownFileType = file.storyboard; name = Base; path = Base.lproj/Main.storyboard; sourceTree = "<group>"; };
/* End PBXFileReference section */

/* Begin PBXFrameworksBuildPhase section */
		FCA1591CFAF2A8536B240C81 /* Frameworks */ = {
			isa = PBXFrameworksBuildPhase;
			buildActionMask = 2147483647;
			files = (
			);
			runOnlyForDeploymentPostprocessing = 0;
		};
/* End PBXFrameworksBuildPhase section */

/* Begin PBXGroup section */
		FCA15327BE3FAFC4F013C1E0 /* WelcomeView_Leon */ = {
			isa = PBXGroup;
			children = (
				FCA159CF02B5BB68F66C46AA /* Info.plist */,
				FCA15946FF6120247FF8F7FD /* Assets.xcassets */,
				FCA15FAB72F43F846BE5BADE /* LaunchScreen.storyboard */,
				FCA152DACB540F69AF2C479B /* AppDelegate.swift */,
				FCA15761707FF83F931F7FDC /* Main.storyboard */,
				FCA15A5F734AF43D4C8319F5 /* ViewController.swift */,
			);
			path = WelcomeView_Leon;
			sourceTree = "<group>";
		};
		FCA15A6961AA55B4DDFBA3A5 /* Products */ = {
			isa = PBXGroup;
			children = (
				FCA15A1BCD9C61D6502D60B2 /* WelcomeView_Leon.app */,
			);
			name = Products;
			sourceTree = "<group>";
		};
		FCA15EFA16505C834E0CA482 = {
			isa = PBXGroup;
			children = (
				FCA15A6961AA55B4DDFBA3A5 /* Products */,
				FCA15327BE3FAFC4F013C1E0 /* WelcomeView_Leon */,
			);
			sourceTree = "<group>";
		};
/* End PBXGroup section */

/* Begin PBXNativeTarget section */
		FCA15DEF68D3470882382035 /* WelcomeView_Leon */ = {
			isa = PBXNativeTarget;
			buildConfigurationList = FCA15203BCA1CD990E0379F0 /* Build configuration list for PBXNativeTarget "WelcomeView_Leon" */;
			buildPhases = (
				FCA15BE099FDBCCB8824D395 /* Sources */,
				FCA1591CFAF2A8536B240C81 /* Frameworks */,
				FCA158993A7AA86D7E9656C6 /* Resources */,
			);
			buildRules = (
			);
			dependencies = (
			);
			name = WelcomeView_Leon;
			productName = WelcomeView_Leon;
			productReference = FCA15A1BCD9C61D6502D60B2 /* WelcomeView_Leon.app */;
			productType = "com.apple.product-type.application";
		};
/* End PBXNativeTarget section */

/* Begin PBXProject section */
		FCA156516BBD48F30A809993 /* Project object */ = {
			isa = PBXProject;
			attributes = {
				ORGANIZATIONNAME = clem;
				TargetAttributes = {
					FCA15DEF68D3470882382035 = {
						DevelopmentTeam = FCKB72E74L;
					};
				};
			};
			buildConfigurationList = FCA15BEDCAC8A4440B833C52 /* Build configuration list for PBXProject "WelcomeView_Leon" */;
			compatibilityVersion = "Xcode 3.2";
			developmentRegion = English;
			hasScannedForEncodings = 0;
			knownRegions = (
				en,
			);
			mainGroup = FCA15EFA16505C834E0CA482;
			productRefGroup = FCA15A6961AA55B4DDFBA3A5 /* Products */;
			projectDirPath = "";
			projectRoot = "";
			targets = (
				FCA15DEF68D3470882382035 /* WelcomeView_Leon */,
			);
		};
/* End PBXProject section */

/* Begin PBXResourcesBuildPhase section */
		FCA158993A7AA86D7E9656C6 /* Resources */ = {
			isa = PBXResourcesBuildPhase;
			buildActionMask = 2147483647;
			files = (
				FCA150CD92CB984652EB753E /* Assets.xcassets in Resources */,
				FCA15460C855C40FA3BE8457 /* LaunchScreen.storyboard in Resources */,
				FCA15312A0BAFA8941225FA7 /* Main.storyboard in Resources */,
			);
			runOnlyForDeploymentPostprocessing = 0;
		};
/* End PBXResourcesBuildPhase section */

/* Begin PBXSourcesBuildPhase section */
		FCA15BE099FDBCCB8824D395 /* Sources */ = {
			isa = PBXSourcesBuildPhase;
			buildActionMask = 2147483647;
			files = (
				FCA152A4E80B0A8CAF6D6128 /* AppDelegate.swift in Sources */,
				FCA158FF54648123C4CE2C14 /* ViewController.swift in Sources */,
			);
			runOnlyForDeploymentPostprocessing = 0;
		};
/* End PBXSourcesBuildPhase section */

/* Begin PBXVariantGroup section */
		FCA15761707FF83F931F7FDC /* Main.storyboard */ = {
			isa = PBXVariantGroup;
			children = (
				FCA15DFD84BB3F705F1B0B30 /* Base */,
			);
			name = Main.storyboard;
			sourceTree = "<group>";
		};
		FCA15FAB72F43F846BE5BADE /* LaunchScreen.storyboard */ = {
			isa = PBXVariantGroup;
			children = (
				FCA155308C15DAC53D7C65FE /* Base */,
			);
			name = LaunchScreen.storyboard;
			sourceTree = "<group>";
		};
/* End PBXVariantGroup section */

/* Begin XCBuildConfiguration section */
		FCA150F55D7D193AE064774B /* Release */ = {
			isa = XCBuildConfiguration;
			buildSettings = {
				ALWAYS_SEARCH_USER_PATHS = NO;
				CLANG_ANALYZER_NONNULL = YES;
				CLANG_ANALYZER_NUMBER_OBJECT_CONVERSION = YES_AGGRESSIVE;
				CLANG_CXX_LANGUAGE_STANDARD = "gnu++0x";
				CLANG_CXX_LIBRARY = "libc++";
				CLANG_ENABLE_MODULES = YES;
				CLANG_ENABLE_OBJC_ARC = YES;
				CLANG_WARN_BOOL_CONVERSION = YES;
				CLANG_WARN_CONSTANT_CONVERSION = YES;
				CLANG_WARN_DIRECT_OBJC_ISA_USAGE = YES_ERROR;
				CLANG_WARN_DOCUMENTATION_COMMENTS = YES;
				CLANG_WARN_EMPTY_BODY = YES;
				CLANG_WARN_ENUM_CONVERSION = YES;
				CLANG_WARN_INFINITE_RECURSION = YES;
				CLANG_WARN_INT_CONVERSION = YES;
				CLANG_WARN_OBJC_ROOT_CLASS = YES_ERROR;
				CLANG_WARN_SUSPICIOUS_MOVE = YES;
				CLANG_WARN_UNREACHABLE_CODE = YES;
				CLANG_WARN__DUPLICATE_METHOD_MATCH = YES;
				"CODE_SIGN_IDENTITY[sdk=iphoneos*]" = "iPhone Developer";
				COPY_PHASE_STRIP = NO;
				DEBUG_INFORMATION_FORMAT = "dwarf-with-dsym";
				ENABLE_NS_ASSERTIONS = NO;
				ENABLE_STRICT_OBJC_MSGSEND = YES;
				GCC_C_LANGUAGE_STANDARD = gnu99;
				GCC_NO_COMMON_BLOCKS = YES;
				GCC_WARN_64_TO_32_BIT_CONVERSION = YES;
				GCC_WARN_ABOUT_RETURN_TYPE = YES_ERROR;
				GCC_WARN_UNDECLARED_SELECTOR = YES;
				GCC_WARN_UNINITIALIZED_AUTOS = YES_AGGRESSIVE;
				GCC_WARN_UNUSED_FUNCTION = YES;
				GCC_WARN_UNUSED_VARIABLE = YES;
				IPHONEOS_DEPLOYMENT_TARGET = 10.3;
				MTL_ENABLE_DEBUG_INFO = NO;
				SDKROOT = iphoneos;
				SWIFT_OPTIMIZATION_LEVEL = "-Owholemodule";
				TARGETED_DEVICE_FAMILY = "1,2";
				VALIDATE_PRODUCT = YES;
			};
			name = Release;
		};
		FCA156F40E28D06126DDA7D6 /* Debug */ = {
			isa = XCBuildConfiguration;
			buildSettings = {
				ALWAYS_SEARCH_USER_PATHS = NO;
				CLANG_ANALYZER_NONNULL = YES;
				CLANG_ANALYZER_NUMBER_OBJECT_CONVERSION = YES_AGGRESSIVE;
				CLANG_CXX_LANGUAGE_STANDARD = "gnu++0x";
				CLANG_CXX_LIBRARY = "libc++";
				CLANG_ENABLE_MODULES = YES;
				CLANG_ENABLE_OBJC_ARC = YES;
				CLANG_WARN_BOOL_CONVERSION = YES;
				CLANG_WARN_CONSTANT_CONVERSION = YES;
				CLANG_WARN_DIRECT_OBJC_ISA_USAGE = YES_ERROR;
				CLANG_WARN_DOCUMENTATION_COMMENTS = YES;
				CLANG_WARN_EMPTY_BODY = YES;
				CLANG_WARN_ENUM_CONVERSION = YES;
				CLANG_WARN_INFINITE_RECURSION = YES;
				CLANG_WARN_INT_CONVERSION = YES;
				CLANG_WARN_OBJC_ROOT_CLASS = YES_ERROR;
				CLANG_WARN_SUSPICIOUS_MOVE = YES;
				CLANG_WARN_UNREACHABLE_CODE = YES;
				CLANG_WARN__DUPLICATE_METHOD_MATCH = YES;
				"CODE_SIGN_IDENTITY[sdk=iphoneos*]" = "iPhone Developer";
				COPY_PHASE_STRIP = NO;
				DEBUG_INFORMATION_FORMAT = dwarf;
				ENABLE_STRICT_OBJC_MSGSEND = YES;
				ENABLE_TESTABILITY = YES;
				GCC_C_LANGUAGE_STANDARD = gnu99;
				GCC_DYNAMIC_NO_PIC = NO;
				GCC_NO_COMMON_BLOCKS = YES;
				GCC_OPTIMIZATION_LEVEL = 0;
				GCC_PREPROCESSOR_DEFINITIONS = (
					"DEBUG=1",
					"$(inherited)",
				);
				GCC_WARN_64_TO_32_BIT_CONVERSION = YES;
				GCC_WARN_ABOUT_RETURN_TYPE = YES_ERROR;
				GCC_WARN_UNDECLARED_SELECTOR = YES;
				GCC_WARN_UNINITIALIZED_AUTOS = YES_AGGRESSIVE;
				GCC_WARN_UNUSED_FUNCTION = YES;
				GCC_WARN_UNUSED_VARIABLE = YES;
				IPHONEOS_DEPLOYMENT_TARGET = 10.3;
				MTL_ENABLE_DEBUG_INFO = YES;
				ONLY_ACTIVE_ARCH = YES;
				SDKROOT = iphoneos;
				SWIFT_ACTIVE_COMPILATION_CONDITIONS = DEBUG;
				SWIFT_OPTIMIZATION_LEVEL = "-Onone";
				TARGETED_DEVICE_FAMILY = "1,2";
			};
			name = Debug;
		};
		FCA157A62BB6F7CBB586F038 /* Release */ = {
			isa = XCBuildConfiguration;
			buildSettings = {
				ASSETCATALOG_COMPILER_APPICON_NAME = AppIcon;
				DEVELOPMENT_TEAM = FCKB72E74L;
				INFOPLIST_FILE = WelcomeView_Leon/Info.plist;
				LD_RUNPATH_SEARCH_PATHS = "$(inherited) @executable_path/Frameworks";
				PRODUCT_BUNDLE_IDENTIFIER = "com.clem.www.WelcomeView-Leon";
				PRODUCT_NAME = "$(TARGET_NAME)";
				SWIFT_VERSION = 3.1;
			};
			name = Release;
		};
		FCA15B8E876BF4B52BA79673 /* Debug */ = {
			isa = XCBuildConfiguration;
			buildSettings = {
				ASSETCATALOG_COMPILER_APPICON_NAME = AppIcon;
				DEVELOPMENT_TEAM = FCKB72E74L;
				INFOPLIST_FILE = WelcomeView_Leon/Info.plist;
				LD_RUNPATH_SEARCH_PATHS = "$(inherited) @executable_path/Frameworks";
				PRODUCT_BUNDLE_IDENTIFIER = "com.clem.www.WelcomeView-Leon";
				PRODUCT_NAME = "$(TARGET_NAME)";
				SWIFT_VERSION = 3.1;
			};
			name = Debug;
		};
/* End XCBuildConfiguration section */

/* Begin XCConfigurationList section */
		FCA15203BCA1CD990E0379F0 /* Build configuration list for PBXNativeTarget "WelcomeView_Leon" */ = {
			isa = XCConfigurationList;
			buildConfigurations = (
				FCA15B8E876BF4B52BA79673 /* Debug */,
				FCA157A62BB6F7CBB586F038 /* Release */,
			);
			defaultConfigurationIsVisible = 0;
			defaultConfigurationName = Release;
		};
		FCA15BEDCAC8A4440B833C52 /* Build configuration list for PBXProject "WelcomeView_Leon" */ = {
			isa = XCConfigurationList;
			buildConfigurations = (
				FCA156F40E28D06126DDA7D6 /* Debug */,
				FCA150F55D7D193AE064774B /* Release */,
			);
			defaultConfigurationIsVisible = 0;
			defaultConfigurationName = Release;
		};
/* End XCConfigurationList section */
	};
	rootObject = FCA156516BBD48F30A809993 /* Project object */;
}
